
Microsoft Visual Studio Solution File, Format Version 12.00
# Visual Studio Version 17
VisualStudioVersion = 17.2.32630.192
MinimumVisualStudioVersion = 10.0.40219.1
Project("{FAE04EC0-301F-11D3-BF4B-00C04F79EFBC}") = "Spice", "Spice\Spice.csproj", "{6177375D-76B4-4FC8-AE04-6C2368ECA537}"
EndProject
Global
	GlobalSection(SolutionConfigurationPlatforms) = preSolution
		Debug|Any CPU = Debug|Any CPU
		Release|Any CPU = Release|Any CPU
	EndGlobalSection
	GlobalSection(ProjectConfigurationPlatforms) = postSolution
		{6177375D-76B4-4FC8-AE04-6C2368ECA537}.Debug|Any CPU.ActiveCfg = Debug|Any CPU
		{6177375D-76B4-4FC8-AE04-6C2368ECA537}.Debug|Any CPU.Build.0 = Debug|Any CPU
		{6177375D-76B4-4FC8-AE04-6C2368ECA537}.Release|Any CPU.ActiveCfg = Release|Any CPU
		{6177375D-76B4-4FC8-AE04-6C2368ECA537}.Release|Any CPU.Build.0 = Release|Any CPU
	EndGlobalSection
	GlobalSection(SolutionProperties) = preSolution
		HideSolutionNode = FALSE
	EndGlobalSection
	GlobalSection(ExtensibilityGlobals) = postSolution
		SolutionGuid = {8B6360E0-3751-42C4-8A12-25AE10F682D6}
	EndGlobalSection
EndGlobal
